// !$*UTF8*$!
{
	archiveVersion = 1;
	classes = {
	};
	objectVersion = 55;
	objects = {

/* Begin PBXBuildFile section */
		7102D1192871E843001077B7 /*  ImageSaver.swift in Sources */ = {isa = PBXBuildFile; fileRef = 7102D1182871E843001077B7 /*  ImageSaver.swift */; };
		7102D11C2873326D001077B7 /* Day65View.swift in Sources */ = {isa = PBXBuildFile; fileRef = 7102D11B2873326D001077B7 /* Day65View.swift */; };
		7102D11F28772436001077B7 /* Day68View.swift in Sources */ = {isa = PBXBuildFile; fileRef = 7102D11E28772436001077B7 /* Day68View.swift */; };
		7102D122287C71FB001077B7 /* Day69View.swift in Sources */ = {isa = PBXBuildFile; fileRef = 7102D121287C71FB001077B7 /* Day69View.swift */; };
		7102D128287F19AB001077B7 /* Day70View.swift in Sources */ = {isa = PBXBuildFile; fileRef = 7102D127287F19AB001077B7 /* Day70View.swift */; };
		7110C628280C6271004A0AA9 /* SwiftUIof100DaysApp.swift in Sources */ = {isa = PBXBuildFile; fileRef = 7110C627280C6271004A0AA9 /* SwiftUIof100DaysApp.swift */; };
		7110C62A280C6271004A0AA9 /* Day62View.swift in Sources */ = {isa = PBXBuildFile; fileRef = 7110C629280C6271004A0AA9 /* Day62View.swift */; };
		7110C62C280C6272004A0AA9 /* Assets.xcassets in Resources */ = {isa = PBXBuildFile; fileRef = 7110C62B280C6272004A0AA9 /* Assets.xcassets */; };
		7110C62F280C6272004A0AA9 /* Preview Assets.xcassets in Resources */ = {isa = PBXBuildFile; fileRef = 7110C62E280C6272004A0AA9 /* Preview Assets.xcassets */; };
		7110C637280DB700004A0AA9 /* Day16View.swift in Sources */ = {isa = PBXBuildFile; fileRef = 7110C636280DB700004A0AA9 /* Day16View.swift */; };
		711DA78A2858D805009AB3E7 /* BookwormContentView.swift in Sources */ = {isa = PBXBuildFile; fileRef = 711DA7892858D805009AB3E7 /* BookwormContentView.swift */; };
		711DA78D2858DC98009AB3E7 /* Bookworm.xcdatamodeld in Sources */ = {isa = PBXBuildFile; fileRef = 711DA78B2858DC98009AB3E7 /* Bookworm.xcdatamodeld */; };
		711DA78F2858DD07009AB3E7 /* DataController.swift in Sources */ = {isa = PBXBuildFile; fileRef = 711DA78E2858DD07009AB3E7 /* DataController.swift */; };
		711DA791285A39C8009AB3E7 /* AddBookView.swift in Sources */ = {isa = PBXBuildFile; fileRef = 711DA790285A39C8009AB3E7 /* AddBookView.swift */; };
		711DA793285E2394009AB3E7 /* RatingView.swift in Sources */ = {isa = PBXBuildFile; fileRef = 711DA792285E2394009AB3E7 /* RatingView.swift */; };
		711DA795285E2820009AB3E7 /* EmojiRatingView.swift in Sources */ = {isa = PBXBuildFile; fileRef = 711DA794285E2820009AB3E7 /* EmojiRatingView.swift */; };
		711DA7972860ACC7009AB3E7 /* DetailView.swift in Sources */ = {isa = PBXBuildFile; fileRef = 711DA7962860ACC7009AB3E7 /* DetailView.swift */; };
		713B688328AE7F46006C1570 /* EditCards.swift in Sources */ = {isa = PBXBuildFile; fileRef = 713B688228AE7F46006C1570 /* EditCards.swift */; };
		713B688628B1B6A8006C1570 /* Day92View.swift in Sources */ = {isa = PBXBuildFile; fileRef = 713B688528B1B6A8006C1570 /* Day92View.swift */; };
		713B688828B3C907006C1570 /* Day93View.swift in Sources */ = {isa = PBXBuildFile; fileRef = 713B688728B3C907006C1570 /* Day93View.swift */; };
		713B688B28B7BBC3006C1570 /* Day96View.swift in Sources */ = {isa = PBXBuildFile; fileRef = 713B688A28B7BBC3006C1570 /* Day96View.swift */; };
		7179CD28285165EF00676AB7 /* AddressView.swift in Sources */ = {isa = PBXBuildFile; fileRef = 7179CD27285165EF00676AB7 /* AddressView.swift */; };
		7179CD2A2852392A00676AB7 /* CheckoutView.swift in Sources */ = {isa = PBXBuildFile; fileRef = 7179CD292852392A00676AB7 /* CheckoutView.swift */; };
		7185C2C72850E6F500FE1D6E /* UserX.swift in Sources */ = {isa = PBXBuildFile; fileRef = 7185C2C62850E6F500FE1D6E /* UserX.swift */; };
		7185C2C92850E92A00FE1D6E /* CupcakeContentView.swift in Sources */ = {isa = PBXBuildFile; fileRef = 7185C2C82850E92A00FE1D6E /* CupcakeContentView.swift */; };
		7185C2CB285162E200FE1D6E /* Order.swift in Sources */ = {isa = PBXBuildFile; fileRef = 7185C2CA285162E200FE1D6E /* Order.swift */; };
		7185C2CF2851635200FE1D6E /* Day49View.swift in Sources */ = {isa = PBXBuildFile; fileRef = 7185C2CE2851635200FE1D6E /* Day49View.swift */; };
		7191D85828620B7600EA1722 /* CoreDataProject.xcdatamodeld in Sources */ = {isa = PBXBuildFile; fileRef = 7191D85628620B7600EA1722 /* CoreDataProject.xcdatamodeld */; };
		7191D86328620E8800EA1722 /* Movie+CoreDataClass.swift in Sources */ = {isa = PBXBuildFile; fileRef = 7191D86128620E8800EA1722 /* Movie+CoreDataClass.swift */; };
		7191D86428620E8800EA1722 /* Movie+CoreDataProperties.swift in Sources */ = {isa = PBXBuildFile; fileRef = 7191D86228620E8800EA1722 /* Movie+CoreDataProperties.swift */; };
		7191D866286210AB00EA1722 /* CoreDataProjectContentView.swift in Sources */ = {isa = PBXBuildFile; fileRef = 7191D865286210AB00EA1722 /* CoreDataProjectContentView.swift */; };
		7191D8682862128100EA1722 /* CoreDataProjectDataController.swift in Sources */ = {isa = PBXBuildFile; fileRef = 7191D8672862128100EA1722 /* CoreDataProjectDataController.swift */; };
		7191D86B2869F5FC00EA1722 /* Singer+CoreDataClass.swift in Sources */ = {isa = PBXBuildFile; fileRef = 7191D8692869F5FC00EA1722 /* Singer+CoreDataClass.swift */; };
		7191D86C2869F5FC00EA1722 /* Singer+CoreDataProperties.swift in Sources */ = {isa = PBXBuildFile; fileRef = 7191D86A2869F5FC00EA1722 /* Singer+CoreDataProperties.swift */; };
		7191D86E2869F96300EA1722 /* FilteredList.swift in Sources */ = {isa = PBXBuildFile; fileRef = 7191D86D2869F96300EA1722 /* FilteredList.swift */; };
		7191D8732869FF2B00EA1722 /* Country+CoreDataClass.swift in Sources */ = {isa = PBXBuildFile; fileRef = 7191D86F2869FF2B00EA1722 /* Country+CoreDataClass.swift */; };
		7191D8742869FF2B00EA1722 /* Country+CoreDataProperties.swift in Sources */ = {isa = PBXBuildFile; fileRef = 7191D8702869FF2B00EA1722 /* Country+CoreDataProperties.swift */; };
		7191D8752869FF2B00EA1722 /* Candy+CoreDataClass.swift in Sources */ = {isa = PBXBuildFile; fileRef = 7191D8712869FF2B00EA1722 /* Candy+CoreDataClass.swift */; };
		7191D8762869FF2B00EA1722 /* Candy+CoreDataProperties.swift in Sources */ = {isa = PBXBuildFile; fileRef = 7191D8722869FF2B00EA1722 /* Candy+CoreDataProperties.swift */; };
		7191D87A286DF16600EA1722 /* Day63View.swift in Sources */ = {isa = PBXBuildFile; fileRef = 7191D879286DF16600EA1722 /* Day63View.swift */; };
		7191D87C286FB81E00EA1722 /*  ImagePicker.swift in Sources */ = {isa = PBXBuildFile; fileRef = 7191D87B286FB81E00EA1722 /*  ImagePicker.swift */; };
		719A78682885AFBA00F584E5 /* ResultData.swift in Sources */ = {isa = PBXBuildFile; fileRef = 719A78672885AFBA00F584E5 /* ResultData.swift */; };
		719A786B2886EA1100F584E5 /* ContentView-ViewModel.swift in Sources */ = {isa = PBXBuildFile; fileRef = 719A786A2886EA1100F584E5 /* ContentView-ViewModel.swift */; };
		719A786D2886EDAE00F584E5 /* FileManager-DocumentsDirectory.swift in Sources */ = {isa = PBXBuildFile; fileRef = 719A786C2886EDAE00F584E5 /* FileManager-DocumentsDirectory.swift */; };
		719A7870288ED2C000F584E5 /* Day74View.swift in Sources */ = {isa = PBXBuildFile; fileRef = 719A786F288ED2C000F584E5 /* Day74View.swift */; };
		719A78732891768F00F584E5 /* Day78View.swift in Sources */ = {isa = PBXBuildFile; fileRef = 719A78722891768F00F584E5 /* Day78View.swift */; };
		719A78752891771F00F584E5 /* LocationFetcher.swift in Sources */ = {isa = PBXBuildFile; fileRef = 719A78742891771F00F584E5 /* LocationFetcher.swift */; };
		719A78782892CA5500F584E5 /* Day79View.swift in Sources */ = {isa = PBXBuildFile; fileRef = 719A78772892CA5500F584E5 /* Day79View.swift */; };
		719A787A2894233700F584E5 /* DelayedUpdater.swift in Sources */ = {isa = PBXBuildFile; fileRef = 719A78792894233700F584E5 /* DelayedUpdater.swift */; };
		719A787C289821F600F584E5 /* Day81View.swift in Sources */ = {isa = PBXBuildFile; fileRef = 719A787B289821F600F584E5 /* Day81View.swift */; };
		719A787E2899688000F584E5 /* AppDelegate.swift in Sources */ = {isa = PBXBuildFile; fileRef = 719A787D2899688000F584E5 /* AppDelegate.swift */; };
		719A788128996A0600F584E5 /* SamplePackage in Frameworks */ = {isa = PBXBuildFile; productRef = 719A788028996A0600F584E5 /* SamplePackage */; };
		719A788328996C1500F584E5 /* ProspectsView.swift in Sources */ = {isa = PBXBuildFile; fileRef = 719A788228996C1500F584E5 /* ProspectsView.swift */; };
		719A788528996C6E00F584E5 /* MeView.swift in Sources */ = {isa = PBXBuildFile; fileRef = 719A788428996C6E00F584E5 /* MeView.swift */; };
		719A7887289AB5A600F584E5 /* Prospect.swift in Sources */ = {isa = PBXBuildFile; fileRef = 719A7886289AB5A600F584E5 /* Prospect.swift */; };
		719A7889289AB64F00F584E5 /* Prospects.swift in Sources */ = {isa = PBXBuildFile; fileRef = 719A7888289AB64F00F584E5 /* Prospects.swift */; };
		719A788C289D625800F584E5 /* CodeScanner in Frameworks */ = {isa = PBXBuildFile; productRef = 719A788B289D625800F584E5 /* CodeScanner */; };
		719A789128A1504800F584E5 /* Day86View.swift in Sources */ = {isa = PBXBuildFile; fileRef = 719A789028A1504800F584E5 /* Day86View.swift */; };
		719A789328A2A0EC00F584E5 /* Day87View.swift in Sources */ = {isa = PBXBuildFile; fileRef = 719A789228A2A0EC00F584E5 /* Day87View.swift */; };
		719A78AF28A53E3600F584E5 /* Day88View.swift in Sources */ = {isa = PBXBuildFile; fileRef = 719A78AE28A53E3600F584E5 /* Day88View.swift */; };
		719A78B128A53F4600F584E5 /* Card.swift in Sources */ = {isa = PBXBuildFile; fileRef = 719A78B028A53F4600F584E5 /* Card.swift */; };
		719A78B328A53FEF00F584E5 /* CardView.swift in Sources */ = {isa = PBXBuildFile; fileRef = 719A78B228A53FEF00F584E5 /* CardView.swift */; };
		719B82BC282585A400258B63 /* start.txt in Resources */ = {isa = PBXBuildFile; fileRef = 719B82BB282585A400258B63 /* start.txt */; };
		719B82BF2825862E00258B63 /* Day32View.swift in Sources */ = {isa = PBXBuildFile; fileRef = 719B82BE2825862E00258B63 /* Day32View.swift */; };
		719B82C228296C9200258B63 /* Day33View.swift in Sources */ = {isa = PBXBuildFile; fileRef = 719B82C128296C9200258B63 /* Day33View.swift */; };
		719B82C5282EBC0100258B63 /* Day36View.swift in Sources */ = {isa = PBXBuildFile; fileRef = 719B82C4282EBC0100258B63 /* Day36View.swift */; };
		719B82C82832AA9500258B63 /* Day37View.swift in Sources */ = {isa = PBXBuildFile; fileRef = 719B82C72832AA9500258B63 /* Day37View.swift */; };
		719B82CA2833F6E600258B63 /* AddView.swift in Sources */ = {isa = PBXBuildFile; fileRef = 719B82C92833F6E600258B63 /* AddView.swift */; };
		719B82CD2835486F00258B63 /* Day39View.swift in Sources */ = {isa = PBXBuildFile; fileRef = 719B82CC2835486F00258B63 /* Day39View.swift */; };
		719B82D3283A8FEC00258B63 /* Day40View.swift in Sources */ = {isa = PBXBuildFile; fileRef = 719B82D2283A8FEC00258B63 /* Day40View.swift */; };
		719B82D5283BDFC000258B63 /* Astronaut.swift in Sources */ = {isa = PBXBuildFile; fileRef = 719B82D4283BDFC000258B63 /* Astronaut.swift */; };
		719B82D7283BDFEC00258B63 /* Bundle-Decodable.swift in Sources */ = {isa = PBXBuildFile; fileRef = 719B82D6283BDFEC00258B63 /* Bundle-Decodable.swift */; };
		719B82D9283BE0A200258B63 /* astronauts.json in Resources */ = {isa = PBXBuildFile; fileRef = 719B82D8283BE0A200258B63 /* astronauts.json */; };
		719B82DB283BE0A900258B63 /* missions.json in Resources */ = {isa = PBXBuildFile; fileRef = 719B82DA283BE0A900258B63 /* missions.json */; };
		719B82DD283D196E00258B63 /* Mission.swift in Sources */ = {isa = PBXBuildFile; fileRef = 719B82DC283D196E00258B63 /* Mission.swift */; };
		719B82DF283D29A500258B63 /* Theme.swift in Sources */ = {isa = PBXBuildFile; fileRef = 719B82DE283D29A500258B63 /* Theme.swift */; };
		719B82E2283D2DD500258B63 /* MissionView.swift in Sources */ = {isa = PBXBuildFile; fileRef = 719B82E1283D2DD500258B63 /* MissionView.swift */; };
		719B82E4283FD01400258B63 /* AstronautView.swift in Sources */ = {isa = PBXBuildFile; fileRef = 719B82E3283FD01400258B63 /* AstronautView.swift */; };
		719B82E8283FD69C00258B63 /* Day43View.swift in Sources */ = {isa = PBXBuildFile; fileRef = 719B82E7283FD69C00258B63 /* Day43View.swift */; };
		719B82EB2846532000258B63 /* Day44View.swift in Sources */ = {isa = PBXBuildFile; fileRef = 719B82EA2846532000258B63 /* Day44View.swift */; };
		719B83002847C5C400258B63 /* Day45View.swift in Sources */ = {isa = PBXBuildFile; fileRef = 719B82FF2847C5C400258B63 /* Day45View.swift */; };
		71D6927C2884516800B8560E /* EditView.swift in Sources */ = {isa = PBXBuildFile; fileRef = 71D6927B2884516800B8560E /* EditView.swift */; };
		71D7F08F280EFF8B00B31AFC /* Day17View.swift in Sources */ = {isa = PBXBuildFile; fileRef = 71D7F08E280EFF8B00B31AFC /* Day17View.swift */; };
		71D7F095281055E200B31AFC /* Day19View.swift in Sources */ = {isa = PBXBuildFile; fileRef = 71D7F094281055E200B31AFC /* Day19View.swift */; };
		71D7F09828105D7F00B31AFC /* Day20View.swift in Sources */ = {isa = PBXBuildFile; fileRef = 71D7F09728105D7F00B31AFC /* Day20View.swift */; };
		71D7F09C2811B07C00B31AFC /* Day21View.swift in Sources */ = {isa = PBXBuildFile; fileRef = 71D7F09B2811B07C00B31AFC /* Day21View.swift */; };
		71D7F0A02818327400B31AFC /* Day23View.swift in Sources */ = {isa = PBXBuildFile; fileRef = 71D7F09F2818327400B31AFC /* Day23View.swift */; };
		71D7F0A3281988AF00B31AFC /* Day26View.swift in Sources */ = {isa = PBXBuildFile; fileRef = 71D7F0A2281988AF00B31AFC /* Day26View.swift */; };
		71D7F0A6281AE28400B31AFC /* Day27View.swift in Sources */ = {isa = PBXBuildFile; fileRef = 71D7F0A5281AE28400B31AFC /* Day27View.swift */; };
		71D7F0D4281ECC0A00B31AFC /* SleepCalculator.mlmodel in Sources */ = {isa = PBXBuildFile; fileRef = 71D7F0D3281ECC0A00B31AFC /* SleepCalculator.mlmodel */; };
		71D7F0D82821777800B31AFC /* Day29View.swift in Sources */ = {isa = PBXBuildFile; fileRef = 71D7F0D72821777800B31AFC /* Day29View.swift */; };
		71D7F0DB28217BEB00B31AFC /* URL-file.txt in Resources */ = {isa = PBXBuildFile; fileRef = 71D7F0DA28217BEB00B31AFC /* URL-file.txt */; };
		71D7F0DE2822CE8600B31AFC /* Day30View.swift in Sources */ = {isa = PBXBuildFile; fileRef = 71D7F0DD2822CE8600B31AFC /* Day30View.swift */; };
/* End PBXBuildFile section */

/* Begin PBXFileReference section */
		7102D1182871E843001077B7 /*  ImageSaver.swift */ = {isa = PBXFileReference; lastKnownFileType = sourcecode.swift; path = " ImageSaver.swift"; sourceTree = "<group>"; };
		7102D11B2873326D001077B7 /* Day65View.swift */ = {isa = PBXFileReference; lastKnownFileType = sourcecode.swift; path = Day65View.swift; sourceTree = "<group>"; };
		7102D11E28772436001077B7 /* Day68View.swift */ = {isa = PBXFileReference; lastKnownFileType = sourcecode.swift; path = Day68View.swift; sourceTree = "<group>"; };
		7102D121287C71FB001077B7 /* Day69View.swift */ = {isa = PBXFileReference; lastKnownFileType = sourcecode.swift; path = Day69View.swift; sourceTree = "<group>"; };
		7102D125287F1948001077B7 /* Info.plist */ = {isa = PBXFileReference; fileEncoding = 4; lastKnownFileType = text.plist.xml; path = Info.plist; sourceTree = "<group>"; };
		7102D127287F19AB001077B7 /* Day70View.swift */ = {isa = PBXFileReference; lastKnownFileType = sourcecode.swift; path = Day70View.swift; sourceTree = "<group>"; };
		7110C624280C6271004A0AA9 /* SwiftUIof100Days.app */ = {isa = PBXFileReference; explicitFileType = wrapper.application; includeInIndex = 0; path = SwiftUIof100Days.app; sourceTree = BUILT_PRODUCTS_DIR; };
		7110C627280C6271004A0AA9 /* SwiftUIof100DaysApp.swift */ = {isa = PBXFileReference; lastKnownFileType = sourcecode.swift; path = SwiftUIof100DaysApp.swift; sourceTree = "<group>"; };
		7110C629280C6271004A0AA9 /* Day62View.swift */ = {isa = PBXFileReference; lastKnownFileType = sourcecode.swift; path = Day62View.swift; sourceTree = "<group>"; };
		7110C62B280C6272004A0AA9 /* Assets.xcassets */ = {isa = PBXFileReference; lastKnownFileType = folder.assetcatalog; path = Assets.xcassets; sourceTree = "<group>"; };
		7110C62E280C6272004A0AA9 /* Preview Assets.xcassets */ = {isa = PBXFileReference; lastKnownFileType = folder.assetcatalog; path = "Preview Assets.xcassets"; sourceTree = "<group>"; };
		7110C636280DB700004A0AA9 /* Day16View.swift */ = {isa = PBXFileReference; lastKnownFileType = sourcecode.swift; path = Day16View.swift; sourceTree = "<group>"; };
		711DA7892858D805009AB3E7 /* BookwormContentView.swift */ = {isa = PBXFileReference; lastKnownFileType = sourcecode.swift; path = BookwormContentView.swift; sourceTree = "<group>"; };
		711DA78C2858DC98009AB3E7 /* Bookworm.xcdatamodel */ = {isa = PBXFileReference; lastKnownFileType = wrapper.xcdatamodel; path = Bookworm.xcdatamodel; sourceTree = "<group>"; };
		711DA78E2858DD07009AB3E7 /* DataController.swift */ = {isa = PBXFileReference; lastKnownFileType = sourcecode.swift; path = DataController.swift; sourceTree = "<group>"; };
		711DA790285A39C8009AB3E7 /* AddBookView.swift */ = {isa = PBXFileReference; lastKnownFileType = sourcecode.swift; path = AddBookView.swift; sourceTree = "<group>"; };
		711DA792285E2394009AB3E7 /* RatingView.swift */ = {isa = PBXFileReference; lastKnownFileType = sourcecode.swift; path = RatingView.swift; sourceTree = "<group>"; };
		711DA794285E2820009AB3E7 /* EmojiRatingView.swift */ = {isa = PBXFileReference; lastKnownFileType = sourcecode.swift; path = EmojiRatingView.swift; sourceTree = "<group>"; };
		711DA7962860ACC7009AB3E7 /* DetailView.swift */ = {isa = PBXFileReference; lastKnownFileType = sourcecode.swift; path = DetailView.swift; sourceTree = "<group>"; };
		713B688228AE7F46006C1570 /* EditCards.swift */ = {isa = PBXFileReference; lastKnownFileType = sourcecode.swift; path = EditCards.swift; sourceTree = "<group>"; };
		713B688528B1B6A8006C1570 /* Day92View.swift */ = {isa = PBXFileReference; lastKnownFileType = sourcecode.swift; path = Day92View.swift; sourceTree = "<group>"; };
		713B688728B3C907006C1570 /* Day93View.swift */ = {isa = PBXFileReference; lastKnownFileType = sourcecode.swift; path = Day93View.swift; sourceTree = "<group>"; };
		713B688A28B7BBC3006C1570 /* Day96View.swift */ = {isa = PBXFileReference; lastKnownFileType = sourcecode.swift; path = Day96View.swift; sourceTree = "<group>"; };
		7179CD27285165EF00676AB7 /* AddressView.swift */ = {isa = PBXFileReference; lastKnownFileType = sourcecode.swift; path = AddressView.swift; sourceTree = "<group>"; };
		7179CD292852392A00676AB7 /* CheckoutView.swift */ = {isa = PBXFileReference; lastKnownFileType = sourcecode.swift; path = CheckoutView.swift; sourceTree = "<group>"; };
		7185C2C62850E6F500FE1D6E /* UserX.swift */ = {isa = PBXFileReference; lastKnownFileType = sourcecode.swift; path = UserX.swift; sourceTree = "<group>"; };
		7185C2C82850E92A00FE1D6E /* CupcakeContentView.swift */ = {isa = PBXFileReference; lastKnownFileType = sourcecode.swift; path = CupcakeContentView.swift; sourceTree = "<group>"; };
		7185C2CA285162E200FE1D6E /* Order.swift */ = {isa = PBXFileReference; lastKnownFileType = sourcecode.swift; path = Order.swift; sourceTree = "<group>"; };
		7185C2CE2851635200FE1D6E /* Day49View.swift */ = {isa = PBXFileReference; lastKnownFileType = sourcecode.swift; path = Day49View.swift; sourceTree = "<group>"; };
		7191D85728620B7600EA1722 /* CoreDataProject.xcdatamodel */ = {isa = PBXFileReference; lastKnownFileType = wrapper.xcdatamodel; path = CoreDataProject.xcdatamodel; sourceTree = "<group>"; };
		7191D86128620E8800EA1722 /* Movie+CoreDataClass.swift */ = {isa = PBXFileReference; lastKnownFileType = sourcecode.swift; path = "Movie+CoreDataClass.swift"; sourceTree = SOURCE_ROOT; };
		7191D86228620E8800EA1722 /* Movie+CoreDataProperties.swift */ = {isa = PBXFileReference; lastKnownFileType = sourcecode.swift; path = "Movie+CoreDataProperties.swift"; sourceTree = SOURCE_ROOT; };
		7191D865286210AB00EA1722 /* CoreDataProjectContentView.swift */ = {isa = PBXFileReference; lastKnownFileType = sourcecode.swift; path = CoreDataProjectContentView.swift; sourceTree = "<group>"; };
		7191D8672862128100EA1722 /* CoreDataProjectDataController.swift */ = {isa = PBXFileReference; lastKnownFileType = sourcecode.swift; path = CoreDataProjectDataController.swift; sourceTree = "<group>"; };
		7191D8692869F5FC00EA1722 /* Singer+CoreDataClass.swift */ = {isa = PBXFileReference; lastKnownFileType = sourcecode.swift; path = "Singer+CoreDataClass.swift"; sourceTree = "<group>"; };
		7191D86A2869F5FC00EA1722 /* Singer+CoreDataProperties.swift */ = {isa = PBXFileReference; lastKnownFileType = sourcecode.swift; path = "Singer+CoreDataProperties.swift"; sourceTree = "<group>"; };
		7191D86D2869F96300EA1722 /* FilteredList.swift */ = {isa = PBXFileReference; lastKnownFileType = sourcecode.swift; path = FilteredList.swift; sourceTree = "<group>"; };
		7191D86F2869FF2B00EA1722 /* Country+CoreDataClass.swift */ = {isa = PBXFileReference; lastKnownFileType = sourcecode.swift; path = "Country+CoreDataClass.swift"; sourceTree = "<group>"; };
		7191D8702869FF2B00EA1722 /* Country+CoreDataProperties.swift */ = {isa = PBXFileReference; lastKnownFileType = sourcecode.swift; path = "Country+CoreDataProperties.swift"; sourceTree = "<group>"; };
		7191D8712869FF2B00EA1722 /* Candy+CoreDataClass.swift */ = {isa = PBXFileReference; lastKnownFileType = sourcecode.swift; path = "Candy+CoreDataClass.swift"; sourceTree = "<group>"; };
		7191D8722869FF2B00EA1722 /* Candy+CoreDataProperties.swift */ = {isa = PBXFileReference; lastKnownFileType = sourcecode.swift; path = "Candy+CoreDataProperties.swift"; sourceTree = "<group>"; };
		7191D879286DF16600EA1722 /* Day63View.swift */ = {isa = PBXFileReference; lastKnownFileType = sourcecode.swift; path = Day63View.swift; sourceTree = "<group>"; };
		7191D87B286FB81E00EA1722 /*  ImagePicker.swift */ = {isa = PBXFileReference; lastKnownFileType = sourcecode.swift; path = " ImagePicker.swift"; sourceTree = "<group>"; };
		719A78672885AFBA00F584E5 /* ResultData.swift */ = {isa = PBXFileReference; lastKnownFileType = sourcecode.swift; path = ResultData.swift; sourceTree = "<group>"; };
		719A786A2886EA1100F584E5 /* ContentView-ViewModel.swift */ = {isa = PBXFileReference; lastKnownFileType = sourcecode.swift; path = "ContentView-ViewModel.swift"; sourceTree = "<group>"; };
		719A786C2886EDAE00F584E5 /* FileManager-DocumentsDirectory.swift */ = {isa = PBXFileReference; lastKnownFileType = sourcecode.swift; path = "FileManager-DocumentsDirectory.swift"; sourceTree = "<group>"; };
		719A786F288ED2C000F584E5 /* Day74View.swift */ = {isa = PBXFileReference; lastKnownFileType = sourcecode.swift; path = Day74View.swift; sourceTree = "<group>"; };
		719A78722891768F00F584E5 /* Day78View.swift */ = {isa = PBXFileReference; lastKnownFileType = sourcecode.swift; path = Day78View.swift; sourceTree = "<group>"; };
		719A78742891771F00F584E5 /* LocationFetcher.swift */ = {isa = PBXFileReference; lastKnownFileType = sourcecode.swift; path = LocationFetcher.swift; sourceTree = "<group>"; };
		719A78772892CA5500F584E5 /* Day79View.swift */ = {isa = PBXFileReference; lastKnownFileType = sourcecode.swift; path = Day79View.swift; sourceTree = "<group>"; };
		719A78792894233700F584E5 /* DelayedUpdater.swift */ = {isa = PBXFileReference; lastKnownFileType = sourcecode.swift; path = DelayedUpdater.swift; sourceTree = "<group>"; };
		719A787B289821F600F584E5 /* Day81View.swift */ = {isa = PBXFileReference; lastKnownFileType = sourcecode.swift; path = Day81View.swift; sourceTree = "<group>"; };
		719A787D2899688000F584E5 /* AppDelegate.swift */ = {isa = PBXFileReference; lastKnownFileType = sourcecode.swift; path = AppDelegate.swift; sourceTree = "<group>"; };
		719A788228996C1500F584E5 /* ProspectsView.swift */ = {isa = PBXFileReference; lastKnownFileType = sourcecode.swift; path = ProspectsView.swift; sourceTree = "<group>"; };
		719A788428996C6E00F584E5 /* MeView.swift */ = {isa = PBXFileReference; lastKnownFileType = sourcecode.swift; path = MeView.swift; sourceTree = "<group>"; };
		719A7886289AB5A600F584E5 /* Prospect.swift */ = {isa = PBXFileReference; lastKnownFileType = sourcecode.swift; path = Prospect.swift; sourceTree = "<group>"; };
		719A7888289AB64F00F584E5 /* Prospects.swift */ = {isa = PBXFileReference; lastKnownFileType = sourcecode.swift; path = Prospects.swift; sourceTree = "<group>"; };
		719A789028A1504800F584E5 /* Day86View.swift */ = {isa = PBXFileReference; lastKnownFileType = sourcecode.swift; path = Day86View.swift; sourceTree = "<group>"; };
		719A789228A2A0EC00F584E5 /* Day87View.swift */ = {isa = PBXFileReference; lastKnownFileType = sourcecode.swift; path = Day87View.swift; sourceTree = "<group>"; };
		719A78AE28A53E3600F584E5 /* Day88View.swift */ = {isa = PBXFileReference; lastKnownFileType = sourcecode.swift; path = Day88View.swift; sourceTree = "<group>"; };
		719A78B028A53F4600F584E5 /* Card.swift */ = {isa = PBXFileReference; lastKnownFileType = sourcecode.swift; path = Card.swift; sourceTree = "<group>"; };
		719A78B228A53FEF00F584E5 /* CardView.swift */ = {isa = PBXFileReference; lastKnownFileType = sourcecode.swift; path = CardView.swift; sourceTree = "<group>"; };
		719B82BB282585A400258B63 /* start.txt */ = {isa = PBXFileReference; fileEncoding = 4; lastKnownFileType = text; path = start.txt; sourceTree = "<group>"; };
		719B82BE2825862E00258B63 /* Day32View.swift */ = {isa = PBXFileReference; lastKnownFileType = sourcecode.swift; path = Day32View.swift; sourceTree = "<group>"; };
		719B82C128296C9200258B63 /* Day33View.swift */ = {isa = PBXFileReference; lastKnownFileType = sourcecode.swift; path = Day33View.swift; sourceTree = "<group>"; };
		719B82C4282EBC0100258B63 /* Day36View.swift */ = {isa = PBXFileReference; lastKnownFileType = sourcecode.swift; path = Day36View.swift; sourceTree = "<group>"; };
		719B82C72832AA9500258B63 /* Day37View.swift */ = {isa = PBXFileReference; lastKnownFileType = sourcecode.swift; path = Day37View.swift; sourceTree = "<group>"; };
		719B82C92833F6E600258B63 /* AddView.swift */ = {isa = PBXFileReference; lastKnownFileType = sourcecode.swift; path = AddView.swift; sourceTree = "<group>"; };
		719B82CC2835486F00258B63 /* Day39View.swift */ = {isa = PBXFileReference; lastKnownFileType = sourcecode.swift; path = Day39View.swift; sourceTree = "<group>"; };
		719B82D2283A8FEC00258B63 /* Day40View.swift */ = {isa = PBXFileReference; lastKnownFileType = sourcecode.swift; path = Day40View.swift; sourceTree = "<group>"; };
		719B82D4283BDFC000258B63 /* Astronaut.swift */ = {isa = PBXFileReference; lastKnownFileType = sourcecode.swift; path = Astronaut.swift; sourceTree = "<group>"; };
		719B82D6283BDFEC00258B63 /* Bundle-Decodable.swift */ = {isa = PBXFileReference; lastKnownFileType = sourcecode.swift; path = "Bundle-Decodable.swift"; sourceTree = "<group>"; };
		719B82D8283BE0A200258B63 /* astronauts.json */ = {isa = PBXFileReference; fileEncoding = 4; lastKnownFileType = text.json; path = astronauts.json; sourceTree = "<group>"; };
		719B82DA283BE0A900258B63 /* missions.json */ = {isa = PBXFileReference; fileEncoding = 4; lastKnownFileType = text.json; path = missions.json; sourceTree = "<group>"; };
		719B82DC283D196E00258B63 /* Mission.swift */ = {isa = PBXFileReference; lastKnownFileType = sourcecode.swift; path = Mission.swift; sourceTree = "<group>"; };
		719B82DE283D29A500258B63 /* Theme.swift */ = {isa = PBXFileReference; lastKnownFileType = sourcecode.swift; path = Theme.swift; sourceTree = "<group>"; };
		719B82E1283D2DD500258B63 /* MissionView.swift */ = {isa = PBXFileReference; lastKnownFileType = sourcecode.swift; path = MissionView.swift; sourceTree = "<group>"; };
		719B82E3283FD01400258B63 /* AstronautView.swift */ = {isa = PBXFileReference; lastKnownFileType = sourcecode.swift; path = AstronautView.swift; sourceTree = "<group>"; };
		719B82E7283FD69C00258B63 /* Day43View.swift */ = {isa = PBXFileReference; lastKnownFileType = sourcecode.swift; path = Day43View.swift; sourceTree = "<group>"; };
		719B82EA2846532000258B63 /* Day44View.swift */ = {isa = PBXFileReference; lastKnownFileType = sourcecode.swift; path = Day44View.swift; sourceTree = "<group>"; };
		719B82FF2847C5C400258B63 /* Day45View.swift */ = {isa = PBXFileReference; lastKnownFileType = sourcecode.swift; path = Day45View.swift; sourceTree = "<group>"; };
		71D6927B2884516800B8560E /* EditView.swift */ = {isa = PBXFileReference; lastKnownFileType = sourcecode.swift; path = EditView.swift; sourceTree = "<group>"; };
		71D7F08E280EFF8B00B31AFC /* Day17View.swift */ = {isa = PBXFileReference; lastKnownFileType = sourcecode.swift; path = Day17View.swift; sourceTree = "<group>"; };
		71D7F094281055E200B31AFC /* Day19View.swift */ = {isa = PBXFileReference; lastKnownFileType = sourcecode.swift; path = Day19View.swift; sourceTree = "<group>"; };
		71D7F09728105D7F00B31AFC /* Day20View.swift */ = {isa = PBXFileReference; lastKnownFileType = sourcecode.swift; path = Day20View.swift; sourceTree = "<group>"; };
		71D7F09B2811B07C00B31AFC /* Day21View.swift */ = {isa = PBXFileReference; lastKnownFileType = sourcecode.swift; path = Day21View.swift; sourceTree = "<group>"; };
		71D7F09F2818327400B31AFC /* Day23View.swift */ = {isa = PBXFileReference; lastKnownFileType = sourcecode.swift; path = Day23View.swift; sourceTree = "<group>"; };
		71D7F0A2281988AF00B31AFC /* Day26View.swift */ = {isa = PBXFileReference; lastKnownFileType = sourcecode.swift; path = Day26View.swift; sourceTree = "<group>"; };
		71D7F0A5281AE28400B31AFC /* Day27View.swift */ = {isa = PBXFileReference; lastKnownFileType = sourcecode.swift; path = Day27View.swift; sourceTree = "<group>"; };
		71D7F0D3281ECC0A00B31AFC /* SleepCalculator.mlmodel */ = {isa = PBXFileReference; lastKnownFileType = file.mlmodel; path = SleepCalculator.mlmodel; sourceTree = "<group>"; };
		71D7F0D72821777800B31AFC /* Day29View.swift */ = {isa = PBXFileReference; lastKnownFileType = sourcecode.swift; path = Day29View.swift; sourceTree = "<group>"; };
		71D7F0DA28217BEB00B31AFC /* URL-file.txt */ = {isa = PBXFileReference; fileEncoding = 4; lastKnownFileType = text; path = "URL-file.txt"; sourceTree = "<group>"; };
		71D7F0DD2822CE8600B31AFC /* Day30View.swift */ = {isa = PBXFileReference; lastKnownFileType = sourcecode.swift; path = Day30View.swift; sourceTree = "<group>"; };
/* End PBXFileReference section */

/* Begin PBXFrameworksBuildPhase section */
		7110C621280C6271004A0AA9 /* Frameworks */ = {
			isa = PBXFrameworksBuildPhase;
			buildActionMask = 2147483647;
			files = (
				719A788C289D625800F584E5 /* CodeScanner in Frameworks */,
				719A788128996A0600F584E5 /* SamplePackage in Frameworks */,
			);
			runOnlyForDeploymentPostprocessing = 0;
		};
/* End PBXFrameworksBuildPhase section */

/* Begin PBXGroup section */
		7102D11A2873325B001077B7 /* Day65 */ = {
			isa = PBXGroup;
			children = (
				7102D11B2873326D001077B7 /* Day65View.swift */,
			);
			path = Day65;
			sourceTree = "<group>";
		};
		7102D11D28772425001077B7 /* Day68 */ = {
			isa = PBXGroup;
			children = (
				7102D11E28772436001077B7 /* Day68View.swift */,
			);
			path = Day68;
			sourceTree = "<group>";
		};
		7102D120287C71E8001077B7 /* Day69 */ = {
			isa = PBXGroup;
			children = (
				7102D121287C71FB001077B7 /* Day69View.swift */,
			);
			path = Day69;
			sourceTree = "<group>";
		};
		7102D124287F18DC001077B7 /* Day70 */ = {
			isa = PBXGroup;
			children = (
				7102D127287F19AB001077B7 /* Day70View.swift */,
				71D6927B2884516800B8560E /* EditView.swift */,
				719A78672885AFBA00F584E5 /* ResultData.swift */,
			);
			path = Day70;
			sourceTree = "<group>";
		};
		7110C61B280C6271004A0AA9 = {
			isa = PBXGroup;
			children = (
				7110C625280C6271004A0AA9 /* Products */,
				7110C626280C6271004A0AA9 /* SwiftUIof100Days */,
			);
			sourceTree = "<group>";
		};
		7110C625280C6271004A0AA9 /* Products */ = {
			isa = PBXGroup;
			children = (
				7110C624280C6271004A0AA9 /* SwiftUIof100Days.app */,
			);
			name = Products;
			sourceTree = "<group>";
		};
		7110C626280C6271004A0AA9 /* SwiftUIof100Days */ = {
			isa = PBXGroup;
			children = (
				7102D125287F1948001077B7 /* Info.plist */,
				7110C627280C6271004A0AA9 /* SwiftUIof100DaysApp.swift */,
				719A787D2899688000F584E5 /* AppDelegate.swift */,
				7191D85528620B5800EA1722 /* CoreDataProject */,
				711DA7882858D7E8009AB3E7 /* Bookworm */,
				7185C2C52850E63C00FE1D6E /* CupcakeCorner */,
				719A78762892C8B200F584E5 /* Hot Prospects */,
				719A788F28A14BC800F584E5 /* Flashzilla */,
				713B688428AFD5E8006C1570 /* LayoutAndGeometry */,
				713B688928B7BA17006C1570 /* SnowSeeker */,
				719A78712891768000F584E5 /* Day78 */,
				719A786E288B6CA000F584E5 /* Day74VoiceOver  */,
				719A78692886EA0400F584E5 /* Day71 */,
				7102D124287F18DC001077B7 /* Day70 */,
				7102D120287C71E8001077B7 /* Day69 */,
				7102D11D28772425001077B7 /* Day68 */,
				7102D11A2873325B001077B7 /* Day65 */,
				7191D878286DF15A00EA1722 /* Day63 */,
				7191D877286DF12100EA1722 /* Day62 */,
				7185C2CD2851633900FE1D6E /* Day49 */,
				719B82FE2847C5B900258B63 /* Day45 */,
				719B82E92846531100258B63 /* Day44 */,
				719B82E6283FD68E00258B63 /* Day43 */,
				719B82E0283D2DC800258B63 /* Day41 */,
				719B82D1283A8FDF00258B63 /* Day40 */,
				719B82CB2835485C00258B63 /* Day39 */,
				719B82ED28465F0800258B63 /* Day37 */,
				719B82EE28465F2100258B63 /* Day36 */,
				719B82EF28465F3200258B63 /* Day33 */,
				719B82F028465F3F00258B63 /* Day32 */,
				719B82F328465F5700258B63 /* Day30 */,
				719B82F428465F6C00258B63 /* Day29 */,
				719B82F528465F7A00258B63 /* Day27 */,
				719B82F728465F8C00258B63 /* Day26 */,
				719B82F828465F9A00258B63 /* Day23 */,
				719B82F928465FA900258B63 /* Day21 */,
				719B82FA28465FCF00258B63 /* Day20 */,
				719B82FB28465FD900258B63 /* Day19 */,
				719B82FC28465FE100258B63 /* Day17 */,
				719B82FD28465FEB00258B63 /* Day16 */,
				71D7F0D928217BA100B31AFC /* Resources */,
				7110C62B280C6272004A0AA9 /* Assets.xcassets */,
				71D7F0D3281ECC0A00B31AFC /* SleepCalculator.mlmodel */,
				7110C62D280C6272004A0AA9 /* Preview Content */,
			);
			path = SwiftUIof100Days;
			sourceTree = "<group>";
		};
		7110C62D280C6272004A0AA9 /* Preview Content */ = {
			isa = PBXGroup;
			children = (
				7110C62E280C6272004A0AA9 /* Preview Assets.xcassets */,
			);
			path = "Preview Content";
			sourceTree = "<group>";
		};
		711DA7882858D7E8009AB3E7 /* Bookworm */ = {
			isa = PBXGroup;
			children = (
				711DA7892858D805009AB3E7 /* BookwormContentView.swift */,
				711DA78E2858DD07009AB3E7 /* DataController.swift */,
				711DA790285A39C8009AB3E7 /* AddBookView.swift */,
				711DA792285E2394009AB3E7 /* RatingView.swift */,
				711DA794285E2820009AB3E7 /* EmojiRatingView.swift */,
				711DA7962860ACC7009AB3E7 /* DetailView.swift */,
				711DA78B2858DC98009AB3E7 /* Bookworm.xcdatamodeld */,
			);
			path = Bookworm;
			sourceTree = "<group>";
		};
		713B688428AFD5E8006C1570 /* LayoutAndGeometry */ = {
			isa = PBXGroup;
			children = (
				713B688528B1B6A8006C1570 /* Day92View.swift */,
				713B688728B3C907006C1570 /* Day93View.swift */,
			);
			path = LayoutAndGeometry;
			sourceTree = "<group>";
		};
		713B688928B7BA17006C1570 /* SnowSeeker */ = {
			isa = PBXGroup;
			children = (
				713B688A28B7BBC3006C1570 /* Day96View.swift */,
			);
			path = SnowSeeker;
			sourceTree = "<group>";
		};
		7185C2C52850E63C00FE1D6E /* CupcakeCorner */ = {
			isa = PBXGroup;
			children = (
				7185C2C82850E92A00FE1D6E /* CupcakeContentView.swift */,
				7185C2CA285162E200FE1D6E /* Order.swift */,
				7179CD27285165EF00676AB7 /* AddressView.swift */,
				7179CD292852392A00676AB7 /* CheckoutView.swift */,
			);
			path = CupcakeCorner;
			sourceTree = "<group>";
		};
		7185C2CD2851633900FE1D6E /* Day49 */ = {
			isa = PBXGroup;
			children = (
				7185C2CE2851635200FE1D6E /* Day49View.swift */,
				7185C2C62850E6F500FE1D6E /* UserX.swift */,
			);
			path = Day49;
			sourceTree = "<group>";
		};
		7191D85528620B5800EA1722 /* CoreDataProject */ = {
			isa = PBXGroup;
			children = (
				7191D865286210AB00EA1722 /* CoreDataProjectContentView.swift */,
				7191D8672862128100EA1722 /* CoreDataProjectDataController.swift */,
				7191D86128620E8800EA1722 /* Movie+CoreDataClass.swift */,
				7191D86228620E8800EA1722 /* Movie+CoreDataProperties.swift */,
				7191D8692869F5FC00EA1722 /* Singer+CoreDataClass.swift */,
				7191D86A2869F5FC00EA1722 /* Singer+CoreDataProperties.swift */,
				7191D86F2869FF2B00EA1722 /* Country+CoreDataClass.swift */,
				7191D8702869FF2B00EA1722 /* Country+CoreDataProperties.swift */,
				7191D8712869FF2B00EA1722 /* Candy+CoreDataClass.swift */,
				7191D8722869FF2B00EA1722 /* Candy+CoreDataProperties.swift */,
				7191D86D2869F96300EA1722 /* FilteredList.swift */,
				7191D85628620B7600EA1722 /* CoreDataProject.xcdatamodeld */,
			);
			path = CoreDataProject;
			sourceTree = "<group>";
		};
		7191D877286DF12100EA1722 /* Day62 */ = {
			isa = PBXGroup;
			children = (
				7110C629280C6271004A0AA9 /* Day62View.swift */,
			);
			path = Day62;
			sourceTree = "<group>";
		};
		7191D878286DF15A00EA1722 /* Day63 */ = {
			isa = PBXGroup;
			children = (
				7191D879286DF16600EA1722 /* Day63View.swift */,
				7191D87B286FB81E00EA1722 /*  ImagePicker.swift */,
				7102D1182871E843001077B7 /*  ImageSaver.swift */,
			);
			path = Day63;
			sourceTree = "<group>";
		};
		719A78692886EA0400F584E5 /* Day71 */ = {
			isa = PBXGroup;
			children = (
				719A786A2886EA1100F584E5 /* ContentView-ViewModel.swift */,
				719A786C2886EDAE00F584E5 /* FileManager-DocumentsDirectory.swift */,
			);
			path = Day71;
			sourceTree = "<group>";
		};
		719A786E288B6CA000F584E5 /* Day74VoiceOver  */ = {
			isa = PBXGroup;
			children = (
				719A786F288ED2C000F584E5 /* Day74View.swift */,
			);
			path = "Day74VoiceOver ";
			sourceTree = "<group>";
		};
		719A78712891768000F584E5 /* Day78 */ = {
			isa = PBXGroup;
			children = (
				719A78722891768F00F584E5 /* Day78View.swift */,
				719A78742891771F00F584E5 /* LocationFetcher.swift */,
			);
			path = Day78;
			sourceTree = "<group>";
		};
		719A78762892C8B200F584E5 /* Hot Prospects */ = {
			isa = PBXGroup;
			children = (
				719A78772892CA5500F584E5 /* Day79View.swift */,
				719A78792894233700F584E5 /* DelayedUpdater.swift */,
				719A787B289821F600F584E5 /* Day81View.swift */,
				719A788228996C1500F584E5 /* ProspectsView.swift */,
				719A788428996C6E00F584E5 /* MeView.swift */,
				719A7886289AB5A600F584E5 /* Prospect.swift */,
				719A7888289AB64F00F584E5 /* Prospects.swift */,
			);
			path = "Hot Prospects";
			sourceTree = "<group>";
		};
		719A788F28A14BC800F584E5 /* Flashzilla */ = {
			isa = PBXGroup;
			children = (
				719A789028A1504800F584E5 /* Day86View.swift */,
				719A789228A2A0EC00F584E5 /* Day87View.swift */,
				719A78AE28A53E3600F584E5 /* Day88View.swift */,
				719A78B228A53FEF00F584E5 /* CardView.swift */,
				713B688228AE7F46006C1570 /* EditCards.swift */,
				719A78B028A53F4600F584E5 /* Card.swift */,
			);
			path = Flashzilla;
			sourceTree = "<group>";
		};
		719B82CB2835485C00258B63 /* Day39 */ = {
			isa = PBXGroup;
			children = (
				719B82CC2835486F00258B63 /* Day39View.swift */,
			);
			path = Day39;
			sourceTree = "<group>";
		};
		719B82D1283A8FDF00258B63 /* Day40 */ = {
			isa = PBXGroup;
			children = (
				719B82D2283A8FEC00258B63 /* Day40View.swift */,
				719B82D4283BDFC000258B63 /* Astronaut.swift */,
				719B82D6283BDFEC00258B63 /* Bundle-Decodable.swift */,
				719B82DC283D196E00258B63 /* Mission.swift */,
				719B82DE283D29A500258B63 /* Theme.swift */,
			);
			path = Day40;
			sourceTree = "<group>";
		};
		719B82E0283D2DC800258B63 /* Day41 */ = {
			isa = PBXGroup;
			children = (
				719B82E1283D2DD500258B63 /* MissionView.swift */,
				719B82E3283FD01400258B63 /* AstronautView.swift */,
			);
			path = Day41;
			sourceTree = "<group>";
		};
		719B82E6283FD68E00258B63 /* Day43 */ = {
			isa = PBXGroup;
			children = (
				719B82E7283FD69C00258B63 /* Day43View.swift */,
			);
			path = Day43;
			sourceTree = "<group>";
		};
		719B82E92846531100258B63 /* Day44 */ = {
			isa = PBXGroup;
			children = (
				719B82EA2846532000258B63 /* Day44View.swift */,
			);
			path = Day44;
			sourceTree = "<group>";
		};
		719B82ED28465F0800258B63 /* Day37 */ = {
			isa = PBXGroup;
			children = (
				719B82C72832AA9500258B63 /* Day37View.swift */,
				719B82C92833F6E600258B63 /* AddView.swift */,
			);
			path = Day37;
			sourceTree = "<group>";
		};
		719B82EE28465F2100258B63 /* Day36 */ = {
			isa = PBXGroup;
			children = (
				719B82C4282EBC0100258B63 /* Day36View.swift */,
			);
			path = Day36;
			sourceTree = "<group>";
		};
		719B82EF28465F3200258B63 /* Day33 */ = {
			isa = PBXGroup;
			children = (
				719B82C128296C9200258B63 /* Day33View.swift */,
			);
			path = Day33;
			sourceTree = "<group>";
		};
		719B82F028465F3F00258B63 /* Day32 */ = {
			isa = PBXGroup;
			children = (
				719B82BE2825862E00258B63 /* Day32View.swift */,
			);
			path = Day32;
			sourceTree = "<group>";
		};
		719B82F328465F5700258B63 /* Day30 */ = {
			isa = PBXGroup;
			children = (
				71D7F0DD2822CE8600B31AFC /* Day30View.swift */,
			);
			path = Day30;
			sourceTree = "<group>";
		};
		719B82F428465F6C00258B63 /* Day29 */ = {
			isa = PBXGroup;
			children = (
				71D7F0D72821777800B31AFC /* Day29View.swift */,
			);
			path = Day29;
			sourceTree = "<group>";
		};
		719B82F528465F7A00258B63 /* Day27 */ = {
			isa = PBXGroup;
			children = (
				71D7F0A5281AE28400B31AFC /* Day27View.swift */,
			);
			path = Day27;
			sourceTree = "<group>";
		};
		719B82F728465F8C00258B63 /* Day26 */ = {
			isa = PBXGroup;
			children = (
				71D7F0A2281988AF00B31AFC /* Day26View.swift */,
			);
			path = Day26;
			sourceTree = "<group>";
		};
		719B82F828465F9A00258B63 /* Day23 */ = {
			isa = PBXGroup;
			children = (
				71D7F09F2818327400B31AFC /* Day23View.swift */,
			);
			path = Day23;
			sourceTree = "<group>";
		};
		719B82F928465FA900258B63 /* Day21 */ = {
			isa = PBXGroup;
			children = (
				71D7F09B2811B07C00B31AFC /* Day21View.swift */,
			);
			path = Day21;
			sourceTree = "<group>";
		};
		719B82FA28465FCF00258B63 /* Day20 */ = {
			isa = PBXGroup;
			children = (
				71D7F09728105D7F00B31AFC /* Day20View.swift */,
			);
			path = Day20;
			sourceTree = "<group>";
		};
		719B82FB28465FD900258B63 /* Day19 */ = {
			isa = PBXGroup;
			children = (
				71D7F094281055E200B31AFC /* Day19View.swift */,
			);
			path = Day19;
			sourceTree = "<group>";
		};
		719B82FC28465FE100258B63 /* Day17 */ = {
			isa = PBXGroup;
			children = (
				71D7F08E280EFF8B00B31AFC /* Day17View.swift */,
			);
			path = Day17;
			sourceTree = "<group>";
		};
		719B82FD28465FEB00258B63 /* Day16 */ = {
			isa = PBXGroup;
			children = (
				7110C636280DB700004A0AA9 /* Day16View.swift */,
			);
			path = Day16;
			sourceTree = "<group>";
		};
		719B82FE2847C5B900258B63 /* Day45 */ = {
			isa = PBXGroup;
			children = (
				719B82FF2847C5C400258B63 /* Day45View.swift */,
			);
			path = Day45;
			sourceTree = "<group>";
		};
		71D7F0D928217BA100B31AFC /* Resources */ = {
			isa = PBXGroup;
			children = (
				719B82BB282585A400258B63 /* start.txt */,
				71D7F0DA28217BEB00B31AFC /* URL-file.txt */,
				719B82D8283BE0A200258B63 /* astronauts.json */,
				719B82DA283BE0A900258B63 /* missions.json */,
			);
			path = Resources;
			sourceTree = "<group>";
		};
/* End PBXGroup section */

/* Begin PBXNativeTarget section */
		7110C623280C6271004A0AA9 /* SwiftUIof100Days */ = {
			isa = PBXNativeTarget;
			buildConfigurationList = 7110C632280C6272004A0AA9 /* Build configuration list for PBXNativeTarget "SwiftUIof100Days" */;
			buildPhases = (
				7110C620280C6271004A0AA9 /* Sources */,
				7110C621280C6271004A0AA9 /* Frameworks */,
				7110C622280C6271004A0AA9 /* Resources */,
			);
			buildRules = (
			);
			dependencies = (
			);
			name = SwiftUIof100Days;
			packageProductDependencies = (
				719A788028996A0600F584E5 /* SamplePackage */,
				719A788B289D625800F584E5 /* CodeScanner */,
			);
			productName = SwiftUIof100Days;
			productReference = 7110C624280C6271004A0AA9 /* SwiftUIof100Days.app */;
			productType = "com.apple.product-type.application";
		};
/* End PBXNativeTarget section */

/* Begin PBXProject section */
		7110C61C280C6271004A0AA9 /* Project object */ = {
			isa = PBXProject;
			attributes = {
				BuildIndependentTargetsInParallel = 1;
				LastSwiftUpdateCheck = 1320;
				LastUpgradeCheck = 1320;
				TargetAttributes = {
					7110C623280C6271004A0AA9 = {
						CreatedOnToolsVersion = 13.2.1;
					};
				};
			};
			buildConfigurationList = 7110C61F280C6271004A0AA9 /* Build configuration list for PBXProject "SwiftUIof100Days" */;
			compatibilityVersion = "Xcode 13.0";
			developmentRegion = en;
			hasScannedForEncodings = 0;
			knownRegions = (
				en,
				Base,
			);
			mainGroup = 7110C61B280C6271004A0AA9;
			packageReferences = (
				719A787F28996A0600F584E5 /* XCRemoteSwiftPackageReference "SamplePackage" */,
				719A788A289D625800F584E5 /* XCRemoteSwiftPackageReference "CodeScanner" */,
			);
			productRefGroup = 7110C625280C6271004A0AA9 /* Products */;
			projectDirPath = "";
			projectRoot = "";
			targets = (
				7110C623280C6271004A0AA9 /* SwiftUIof100Days */,
			);
		};
/* End PBXProject section */

/* Begin PBXResourcesBuildPhase section */
		7110C622280C6271004A0AA9 /* Resources */ = {
			isa = PBXResourcesBuildPhase;
			buildActionMask = 2147483647;
			files = (
				71D7F0DB28217BEB00B31AFC /* URL-file.txt in Resources */,
				719B82BC282585A400258B63 /* start.txt in Resources */,
				7110C62F280C6272004A0AA9 /* Preview Assets.xcassets in Resources */,
				719B82D9283BE0A200258B63 /* astronauts.json in Resources */,
				719B82DB283BE0A900258B63 /* missions.json in Resources */,
				7110C62C280C6272004A0AA9 /* Assets.xcassets in Resources */,
			);
			runOnlyForDeploymentPostprocessing = 0;
		};
/* End PBXResourcesBuildPhase section */

/* Begin PBXSourcesBuildPhase section */
		7110C620280C6271004A0AA9 /* Sources */ = {
			isa = PBXSourcesBuildPhase;
			buildActionMask = 2147483647;
			files = (
				7191D866286210AB00EA1722 /* CoreDataProjectContentView.swift in Sources */,
				719A78B328A53FEF00F584E5 /* CardView.swift in Sources */,
				71D7F0A02818327400B31AFC /* Day23View.swift in Sources */,
				71D7F0D82821777800B31AFC /* Day29View.swift in Sources */,
				7191D85828620B7600EA1722 /* CoreDataProject.xcdatamodeld in Sources */,
				7185C2CB285162E200FE1D6E /* Order.swift in Sources */,
				711DA793285E2394009AB3E7 /* RatingView.swift in Sources */,
				719A789328A2A0EC00F584E5 /* Day87View.swift in Sources */,
				719A78752891771F00F584E5 /* LocationFetcher.swift in Sources */,
				7185C2C92850E92A00FE1D6E /* CupcakeContentView.swift in Sources */,
				719A788328996C1500F584E5 /* ProspectsView.swift in Sources */,
				719B82DD283D196E00258B63 /* Mission.swift in Sources */,
				719B82CA2833F6E600258B63 /* AddView.swift in Sources */,
				711DA78A2858D805009AB3E7 /* BookwormContentView.swift in Sources */,
				713B688B28B7BBC3006C1570 /* Day96View.swift in Sources */,
				7185C2CF2851635200FE1D6E /* Day49View.swift in Sources */,
				713B688628B1B6A8006C1570 /* Day92View.swift in Sources */,
				719B82E2283D2DD500258B63 /* MissionView.swift in Sources */,
				719B82D5283BDFC000258B63 /* Astronaut.swift in Sources */,
				719A787A2894233700F584E5 /* DelayedUpdater.swift in Sources */,
				719B82CD2835486F00258B63 /* Day39View.swift in Sources */,
				7102D128287F19AB001077B7 /* Day70View.swift in Sources */,
				7191D86C2869F5FC00EA1722 /* Singer+CoreDataProperties.swift in Sources */,
				71D7F0A3281988AF00B31AFC /* Day26View.swift in Sources */,
				7185C2C72850E6F500FE1D6E /* UserX.swift in Sources */,
				719A78682885AFBA00F584E5 /* ResultData.swift in Sources */,
				7110C62A280C6271004A0AA9 /* Day62View.swift in Sources */,
				719A789128A1504800F584E5 /* Day86View.swift in Sources */,
				713B688828B3C907006C1570 /* Day93View.swift in Sources */,
				7191D86B2869F5FC00EA1722 /* Singer+CoreDataClass.swift in Sources */,
				7110C637280DB700004A0AA9 /* Day16View.swift in Sources */,
				719A78AF28A53E3600F584E5 /* Day88View.swift in Sources */,
				719B82DF283D29A500258B63 /* Theme.swift in Sources */,
				71D7F0A6281AE28400B31AFC /* Day27View.swift in Sources */,
				7191D87A286DF16600EA1722 /* Day63View.swift in Sources */,
				7102D1192871E843001077B7 /*  ImageSaver.swift in Sources */,
				7191D86E2869F96300EA1722 /* FilteredList.swift in Sources */,
				719A78732891768F00F584E5 /* Day78View.swift in Sources */,
				7191D8732869FF2B00EA1722 /* Country+CoreDataClass.swift in Sources */,
				7110C628280C6271004A0AA9 /* SwiftUIof100DaysApp.swift in Sources */,
				7191D86328620E8800EA1722 /* Movie+CoreDataClass.swift in Sources */,
				7179CD2A2852392A00676AB7 /* CheckoutView.swift in Sources */,
				71D7F09828105D7F00B31AFC /* Day20View.swift in Sources */,
				719A78782892CA5500F584E5 /* Day79View.swift in Sources */,
				7191D8742869FF2B00EA1722 /* Country+CoreDataProperties.swift in Sources */,
				719B82BF2825862E00258B63 /* Day32View.swift in Sources */,
				719B82EB2846532000258B63 /* Day44View.swift in Sources */,
				71D7F0DE2822CE8600B31AFC /* Day30View.swift in Sources */,
				711DA795285E2820009AB3E7 /* EmojiRatingView.swift in Sources */,
				719A786B2886EA1100F584E5 /* ContentView-ViewModel.swift in Sources */,
				7102D11F28772436001077B7 /* Day68View.swift in Sources */,
				719A78B128A53F4600F584E5 /* Card.swift in Sources */,
				71D7F095281055E200B31AFC /* Day19View.swift in Sources */,
				719B82C228296C9200258B63 /* Day33View.swift in Sources */,
				7191D8682862128100EA1722 /* CoreDataProjectDataController.swift in Sources */,
				719B82E8283FD69C00258B63 /* Day43View.swift in Sources */,
				71D7F0D4281ECC0A00B31AFC /* SleepCalculator.mlmodel in Sources */,
				719A787E2899688000F584E5 /* AppDelegate.swift in Sources */,
				7191D86428620E8800EA1722 /* Movie+CoreDataProperties.swift in Sources */,
				719B82D3283A8FEC00258B63 /* Day40View.swift in Sources */,
				719A7870288ED2C000F584E5 /* Day74View.swift in Sources */,
				719A786D2886EDAE00F584E5 /* FileManager-DocumentsDirectory.swift in Sources */,
				713B688328AE7F46006C1570 /* EditCards.swift in Sources */,
				719B82D7283BDFEC00258B63 /* Bundle-Decodable.swift in Sources */,
				711DA7972860ACC7009AB3E7 /* DetailView.swift in Sources */,
				711DA78F2858DD07009AB3E7 /* DataController.swift in Sources */,
				719A7889289AB64F00F584E5 /* Prospects.swift in Sources */,
				7102D122287C71FB001077B7 /* Day69View.swift in Sources */,
				711DA78D2858DC98009AB3E7 /* Bookworm.xcdatamodeld in Sources */,
				719A787C289821F600F584E5 /* Day81View.swift in Sources */,
				7191D8752869FF2B00EA1722 /* Candy+CoreDataClass.swift in Sources */,
				719A7887289AB5A600F584E5 /* Prospect.swift in Sources */,
				7191D87C286FB81E00EA1722 /*  ImagePicker.swift in Sources */,
				711DA791285A39C8009AB3E7 /* AddBookView.swift in Sources */,
				71D6927C2884516800B8560E /* EditView.swift in Sources */,
				719A788528996C6E00F584E5 /* MeView.swift in Sources */,
				7102D11C2873326D001077B7 /* Day65View.swift in Sources */,
				719B82C5282EBC0100258B63 /* Day36View.swift in Sources */,
				719B82E4283FD01400258B63 /* AstronautView.swift in Sources */,
				719B82C82832AA9500258B63 /* Day37View.swift in Sources */,
				719B83002847C5C400258B63 /* Day45View.swift in Sources */,
				7179CD28285165EF00676AB7 /* AddressView.swift in Sources */,
				7191D8762869FF2B00EA1722 /* Candy+CoreDataProperties.swift in Sources */,
				71D7F08F280EFF8B00B31AFC /* Day17View.swift in Sources */,
				71D7F09C2811B07C00B31AFC /* Day21View.swift in Sources */,
			);
			runOnlyForDeploymentPostprocessing = 0;
		};
/* End PBXSourcesBuildPhase section */

/* Begin XCBuildConfiguration section */
		7110C630280C6272004A0AA9 /* Debug */ = {
			isa = XCBuildConfiguration;
			buildSettings = {
				ALWAYS_SEARCH_USER_PATHS = NO;
				CLANG_ANALYZER_NONNULL = YES;
				CLANG_ANALYZER_NUMBER_OBJECT_CONVERSION = YES_AGGRESSIVE;
				CLANG_CXX_LANGUAGE_STANDARD = "gnu++17";
				CLANG_CXX_LIBRARY = "libc++";
				CLANG_ENABLE_MODULES = YES;
				CLANG_ENABLE_OBJC_ARC = YES;
				CLANG_ENABLE_OBJC_WEAK = YES;
				CLANG_WARN_BLOCK_CAPTURE_AUTORELEASING = YES;
				CLANG_WARN_BOOL_CONVERSION = YES;
				CLANG_WARN_COMMA = YES;
				CLANG_WARN_CONSTANT_CONVERSION = YES;
				CLANG_WARN_DEPRECATED_OBJC_IMPLEMENTATIONS = YES;
				CLANG_WARN_DIRECT_OBJC_ISA_USAGE = YES_ERROR;
				CLANG_WARN_DOCUMENTATION_COMMENTS = YES;
				CLANG_WARN_EMPTY_BODY = YES;
				CLANG_WARN_ENUM_CONVERSION = YES;
				CLANG_WARN_INFINITE_RECURSION = YES;
				CLANG_WARN_INT_CONVERSION = YES;
				CLANG_WARN_NON_LITERAL_NULL_CONVERSION = YES;
				CLANG_WARN_OBJC_IMPLICIT_RETAIN_SELF = YES;
				CLANG_WARN_OBJC_LITERAL_CONVERSION = YES;
				CLANG_WARN_OBJC_ROOT_CLASS = YES_ERROR;
				CLANG_WARN_QUOTED_INCLUDE_IN_FRAMEWORK_HEADER = YES;
				CLANG_WARN_RANGE_LOOP_ANALYSIS = YES;
				CLANG_WARN_STRICT_PROTOTYPES = YES;
				CLANG_WARN_SUSPICIOUS_MOVE = YES;
				CLANG_WARN_UNGUARDED_AVAILABILITY = YES_AGGRESSIVE;
				CLANG_WARN_UNREACHABLE_CODE = YES;
				CLANG_WARN__DUPLICATE_METHOD_MATCH = YES;
				COPY_PHASE_STRIP = NO;
				DEBUG_INFORMATION_FORMAT = dwarf;
				ENABLE_STRICT_OBJC_MSGSEND = YES;
				ENABLE_TESTABILITY = YES;
				GCC_C_LANGUAGE_STANDARD = gnu11;
				GCC_DYNAMIC_NO_PIC = NO;
				GCC_NO_COMMON_BLOCKS = YES;
				GCC_OPTIMIZATION_LEVEL = 0;
				GCC_PREPROCESSOR_DEFINITIONS = (
					"DEBUG=1",
					"$(inherited)",
				);
				GCC_WARN_64_TO_32_BIT_CONVERSION = YES;
				GCC_WARN_ABOUT_RETURN_TYPE = YES_ERROR;
				GCC_WARN_UNDECLARED_SELECTOR = YES;
				GCC_WARN_UNINITIALIZED_AUTOS = YES_AGGRESSIVE;
				GCC_WARN_UNUSED_FUNCTION = YES;
				GCC_WARN_UNUSED_VARIABLE = YES;
				IPHONEOS_DEPLOYMENT_TARGET = 15.2;
				MTL_ENABLE_DEBUG_INFO = INCLUDE_SOURCE;
				MTL_FAST_MATH = YES;
				ONLY_ACTIVE_ARCH = YES;
				SDKROOT = iphoneos;
				SWIFT_ACTIVE_COMPILATION_CONDITIONS = DEBUG;
				SWIFT_OPTIMIZATION_LEVEL = "-Onone";
			};
			name = Debug;
		};
		7110C631280C6272004A0AA9 /* Release */ = {
			isa = XCBuildConfiguration;
			buildSettings = {
				ALWAYS_SEARCH_USER_PATHS = NO;
				CLANG_ANALYZER_NONNULL = YES;
				CLANG_ANALYZER_NUMBER_OBJECT_CONVERSION = YES_AGGRESSIVE;
				CLANG_CXX_LANGUAGE_STANDARD = "gnu++17";
				CLANG_CXX_LIBRARY = "libc++";
				CLANG_ENABLE_MODULES = YES;
				CLANG_ENABLE_OBJC_ARC = YES;
				CLANG_ENABLE_OBJC_WEAK = YES;
				CLANG_WARN_BLOCK_CAPTURE_AUTORELEASING = YES;
				CLANG_WARN_BOOL_CONVERSION = YES;
				CLANG_WARN_COMMA = YES;
				CLANG_WARN_CONSTANT_CONVERSION = YES;
				CLANG_WARN_DEPRECATED_OBJC_IMPLEMENTATIONS = YES;
				CLANG_WARN_DIRECT_OBJC_ISA_USAGE = YES_ERROR;
				CLANG_WARN_DOCUMENTATION_COMMENTS = YES;
				CLANG_WARN_EMPTY_BODY = YES;
				CLANG_WARN_ENUM_CONVERSION = YES;
				CLANG_WARN_INFINITE_RECURSION = YES;
				CLANG_WARN_INT_CONVERSION = YES;
				CLANG_WARN_NON_LITERAL_NULL_CONVERSION = YES;
				CLANG_WARN_OBJC_IMPLICIT_RETAIN_SELF = YES;
				CLANG_WARN_OBJC_LITERAL_CONVERSION = YES;
				CLANG_WARN_OBJC_ROOT_CLASS = YES_ERROR;
				CLANG_WARN_QUOTED_INCLUDE_IN_FRAMEWORK_HEADER = YES;
				CLANG_WARN_RANGE_LOOP_ANALYSIS = YES;
				CLANG_WARN_STRICT_PROTOTYPES = YES;
				CLANG_WARN_SUSPICIOUS_MOVE = YES;
				CLANG_WARN_UNGUARDED_AVAILABILITY = YES_AGGRESSIVE;
				CLANG_WARN_UNREACHABLE_CODE = YES;
				CLANG_WARN__DUPLICATE_METHOD_MATCH = YES;
				COPY_PHASE_STRIP = NO;
				DEBUG_INFORMATION_FORMAT = "dwarf-with-dsym";
				ENABLE_NS_ASSERTIONS = NO;
				ENABLE_STRICT_OBJC_MSGSEND = YES;
				GCC_C_LANGUAGE_STANDARD = gnu11;
				GCC_NO_COMMON_BLOCKS = YES;
				GCC_WARN_64_TO_32_BIT_CONVERSION = YES;
				GCC_WARN_ABOUT_RETURN_TYPE = YES_ERROR;
				GCC_WARN_UNDECLARED_SELECTOR = YES;
				GCC_WARN_UNINITIALIZED_AUTOS = YES_AGGRESSIVE;
				GCC_WARN_UNUSED_FUNCTION = YES;
				GCC_WARN_UNUSED_VARIABLE = YES;
				IPHONEOS_DEPLOYMENT_TARGET = 15.2;
				MTL_ENABLE_DEBUG_INFO = NO;
				MTL_FAST_MATH = YES;
				SDKROOT = iphoneos;
				SWIFT_COMPILATION_MODE = wholemodule;
				SWIFT_OPTIMIZATION_LEVEL = "-O";
				VALIDATE_PRODUCT = YES;
			};
			name = Release;
		};
		7110C633280C6272004A0AA9 /* Debug */ = {
			isa = XCBuildConfiguration;
			buildSettings = {
				ASSETCATALOG_COMPILER_APPICON_NAME = AppIcon;
				ASSETCATALOG_COMPILER_GLOBAL_ACCENT_COLOR_NAME = AccentColor;
				CODE_SIGN_STYLE = Automatic;
				CURRENT_PROJECT_VERSION = 1;
				DEVELOPMENT_ASSET_PATHS = "\"SwiftUIof100Days/Preview Content\"";
				DEVELOPMENT_TEAM = ZGW479ZTBD;
				ENABLE_PREVIEWS = YES;
				GENERATE_INFOPLIST_FILE = YES;
				INFOPLIST_FILE = SwiftUIof100Days/Info.plist;
				INFOPLIST_KEY_NSCameraUsageDescription = "We need to scan QR codes.";
				INFOPLIST_KEY_NSFaceIDUsageDescription = "Please authenticate yourself to unlock your places";
				INFOPLIST_KEY_NSLocationAlwaysAndWhenInUseUsageDescription = "Allow to use";
				INFOPLIST_KEY_NSLocationWhenInUseUsageDescription = "Allow to use";
				INFOPLIST_KEY_NSPhotoLibraryAddUsageDescription = "We want to save the filtered photo.";
				INFOPLIST_KEY_UIApplicationSceneManifest_Generation = YES;
				INFOPLIST_KEY_UIApplicationSupportsIndirectInputEvents = YES;
				INFOPLIST_KEY_UILaunchScreen_Generation = YES;
				INFOPLIST_KEY_UISupportedInterfaceOrientations_iPad = "UIInterfaceOrientationPortrait UIInterfaceOrientationPortraitUpsideDown UIInterfaceOrientationLandscapeLeft UIInterfaceOrientationLandscapeRight";
				INFOPLIST_KEY_UISupportedInterfaceOrientations_iPhone = "UIInterfaceOrientationPortrait UIInterfaceOrientationLandscapeLeft UIInterfaceOrientationLandscapeRight";
				LD_RUNPATH_SEARCH_PATHS = (
					"$(inherited)",
					"@executable_path/Frameworks",
				);
				MARKETING_VERSION = 1.0;
				PRODUCT_BUNDLE_IDENTIFIER = tw.swiftmagic.SwiftUIof100Days;
				PRODUCT_NAME = "$(TARGET_NAME)";
				SUPPORTED_PLATFORMS = "iphoneos iphonesimulator";
				SUPPORTS_MACCATALYST = NO;
				SUPPORTS_MAC_DESIGNED_FOR_IPHONE_IPAD = NO;
				SWIFT_EMIT_LOC_STRINGS = YES;
				SWIFT_VERSION = 5.0;
				TARGETED_DEVICE_FAMILY = 1;
			};
			name = Debug;
		};
		7110C634280C6272004A0AA9 /* Release */ = {
			isa = XCBuildConfiguration;
			buildSettings = {
				ASSETCATALOG_COMPILER_APPICON_NAME = AppIcon;
				ASSETCATALOG_COMPILER_GLOBAL_ACCENT_COLOR_NAME = AccentColor;
				CODE_SIGN_STYLE = Automatic;
				CURRENT_PROJECT_VERSION = 1;
				DEVELOPMENT_ASSET_PATHS = "\"SwiftUIof100Days/Preview Content\"";
				DEVELOPMENT_TEAM = ZGW479ZTBD;
				ENABLE_PREVIEWS = YES;
				GENERATE_INFOPLIST_FILE = YES;
				INFOPLIST_FILE = SwiftUIof100Days/Info.plist;
				INFOPLIST_KEY_NSCameraUsageDescription = "We need to scan QR codes.";
				INFOPLIST_KEY_NSFaceIDUsageDescription = "Please authenticate yourself to unlock your places";
				INFOPLIST_KEY_NSLocationAlwaysAndWhenInUseUsageDescription = "Allow to use";
				INFOPLIST_KEY_NSLocationWhenInUseUsageDescription = "Allow to use";
				INFOPLIST_KEY_NSPhotoLibraryAddUsageDescription = "We want to save the filtered photo.";
				INFOPLIST_KEY_UIApplicationSceneManifest_Generation = YES;
				INFOPLIST_KEY_UIApplicationSupportsIndirectInputEvents = YES;
				INFOPLIST_KEY_UILaunchScreen_Generation = YES;
				INFOPLIST_KEY_UISupportedInterfaceOrientations_iPad = "UIInterfaceOrientationPortrait UIInterfaceOrientationPortraitUpsideDown UIInterfaceOrientationLandscapeLeft UIInterfaceOrientationLandscapeRight";
				INFOPLIST_KEY_UISupportedInterfaceOrientations_iPhone = "UIInterfaceOrientationPortrait UIInterfaceOrientationLandscapeLeft UIInterfaceOrientationLandscapeRight";
				LD_RUNPATH_SEARCH_PATHS = (
					"$(inherited)",
					"@executable_path/Frameworks",
				);
				MARKETING_VERSION = 1.0;
				PRODUCT_BUNDLE_IDENTIFIER = tw.swiftmagic.SwiftUIof100Days;
				PRODUCT_NAME = "$(TARGET_NAME)";
				SUPPORTED_PLATFORMS = "iphoneos iphonesimulator";
				SUPPORTS_MACCATALYST = NO;
				SUPPORTS_MAC_DESIGNED_FOR_IPHONE_IPAD = NO;
				SWIFT_EMIT_LOC_STRINGS = YES;
				SWIFT_VERSION = 5.0;
				TARGETED_DEVICE_FAMILY = 1;
			};
			name = Release;
		};
/* End XCBuildConfiguration section */

/* Begin XCConfigurationList section */
		7110C61F280C6271004A0AA9 /* Build configuration list for PBXProject "SwiftUIof100Days" */ = {
			isa = XCConfigurationList;
			buildConfigurations = (
				7110C630280C6272004A0AA9 /* Debug */,
				7110C631280C6272004A0AA9 /* Release */,
			);
			defaultConfigurationIsVisible = 0;
			defaultConfigurationName = Release;
		};
		7110C632280C6272004A0AA9 /* Build configuration list for PBXNativeTarget "SwiftUIof100Days" */ = {
			isa = XCConfigurationList;
			buildConfigurations = (
				7110C633280C6272004A0AA9 /* Debug */,
				7110C634280C6272004A0AA9 /* Release */,
			);
			defaultConfigurationIsVisible = 0;
			defaultConfigurationName = Release;
		};
/* End XCConfigurationList section */

/* Begin XCRemoteSwiftPackageReference section */
		719A787F28996A0600F584E5 /* XCRemoteSwiftPackageReference "SamplePackage" */ = {
			isa = XCRemoteSwiftPackageReference;
			repositoryURL = "https://github.com/twostraws/SamplePackage";
			requirement = {
				kind = exactVersion;
				version = 1.0.0;
			};
		};
		719A788A289D625800F584E5 /* XCRemoteSwiftPackageReference "CodeScanner" */ = {
			isa = XCRemoteSwiftPackageReference;
			repositoryURL = "https://github.com/twostraws/CodeScanner.git";
			requirement = {
				kind = exactVersion;
				version = 2.1.2;
			};
		};
/* End XCRemoteSwiftPackageReference section */

/* Begin XCSwiftPackageProductDependency section */
		719A788028996A0600F584E5 /* SamplePackage */ = {
			isa = XCSwiftPackageProductDependency;
			package = 719A787F28996A0600F584E5 /* XCRemoteSwiftPackageReference "SamplePackage" */;
			productName = SamplePackage;
		};
		719A788B289D625800F584E5 /* CodeScanner */ = {
			isa = XCSwiftPackageProductDependency;
			package = 719A788A289D625800F584E5 /* XCRemoteSwiftPackageReference "CodeScanner" */;
			productName = CodeScanner;
		};
/* End XCSwiftPackageProductDependency section */

/* Begin XCVersionGroup section */
		711DA78B2858DC98009AB3E7 /* Bookworm.xcdatamodeld */ = {
			isa = XCVersionGroup;
			children = (
				711DA78C2858DC98009AB3E7 /* Bookworm.xcdatamodel */,
			);
			currentVersion = 711DA78C2858DC98009AB3E7 /* Bookworm.xcdatamodel */;
			path = Bookworm.xcdatamodeld;
			sourceTree = "<group>";
			versionGroupType = wrapper.xcdatamodel;
		};
		7191D85628620B7600EA1722 /* CoreDataProject.xcdatamodeld */ = {
			isa = XCVersionGroup;
			children = (
				7191D85728620B7600EA1722 /* CoreDataProject.xcdatamodel */,
			);
			currentVersion = 7191D85728620B7600EA1722 /* CoreDataProject.xcdatamodel */;
			path = CoreDataProject.xcdatamodeld;
			sourceTree = "<group>";
			versionGroupType = wrapper.xcdatamodel;
		};
/* End XCVersionGroup section */
	};
	rootObject = 7110C61C280C6271004A0AA9 /* Project object */;
}
